lockfileVersion: '9.0'

settings:
  autoInstallPeers: true
  excludeLinksFromLockfile: false

importers:

  .:
    dependencies:
      chokidar:
        specifier: ^4.0.3
        version: 4.0.3
      websocket:
        specifier: ^1.0.35
        version: 1.0.35
    devDependencies:
      '@types/node':
        specifier: ^24.0.10
        version: 24.0.10
      '@types/websocket':
        specifier: ^1.0.10
        version: 1.0.10
      esbuild:
        specifier: ^0.25.5
        version: 0.25.5
      typescript:
        specifier: ^5.8.3
        version: 5.8.3

packages:

  '@esbuild/aix-ppc64@0.25.5':
    resolution: {integrity: sha512-9o3TMmpmftaCMepOdA5k/yDw8SfInyzWWTjYTFCX3kPSDJMROQTb8jg+h9Cnwnmm1vOzvxN7gIfB5V2ewpjtGA==}
    engines: {node: '>=18'}
    cpu: [ppc64]
    os: [aix]

  '@esbuild/android-arm64@0.25.5':
    resolution: {integrity: sha512-VGzGhj4lJO+TVGV1v8ntCZWJktV7SGCs3Pn1GRWI1SBFtRALoomm8k5E9Pmwg3HOAal2VDc2F9+PM/rEY6oIDg==}
    engines: {node: '>=18'}
    cpu: [arm64]
    os: [android]

  '@esbuild/android-arm@0.25.5':
    resolution: {integrity: sha512-AdJKSPeEHgi7/ZhuIPtcQKr5RQdo6OO2IL87JkianiMYMPbCtot9fxPbrMiBADOWWm3T2si9stAiVsGbTQFkbA==}
    engines: {node: '>=18'}
    cpu: [arm]
    os: [android]

  '@esbuild/android-x64@0.25.5':
    resolution: {integrity: sha512-D2GyJT1kjvO//drbRT3Hib9XPwQeWd9vZoBJn+bu/lVsOZ13cqNdDeqIF/xQ5/VmWvMduP6AmXvylO/PIc2isw==}
    engines: {node: '>=18'}
    cpu: [x64]
    os: [android]

  '@esbuild/darwin-arm64@0.25.5':
    resolution: {integrity: sha512-GtaBgammVvdF7aPIgH2jxMDdivezgFu6iKpmT+48+F8Hhg5J/sfnDieg0aeG/jfSvkYQU2/pceFPDKlqZzwnfQ==}
    engines: {node: '>=18'}
    cpu: [arm64]
    os: [darwin]

  '@esbuild/darwin-x64@0.25.5':
    resolution: {integrity: sha512-1iT4FVL0dJ76/q1wd7XDsXrSW+oLoquptvh4CLR4kITDtqi2e/xwXwdCVH8hVHU43wgJdsq7Gxuzcs6Iq/7bxQ==}
    engines: {node: '>=18'}
    cpu: [x64]
    os: [darwin]

  '@esbuild/freebsd-arm64@0.25.5':
    resolution: {integrity: sha512-nk4tGP3JThz4La38Uy/gzyXtpkPW8zSAmoUhK9xKKXdBCzKODMc2adkB2+8om9BDYugz+uGV7sLmpTYzvmz6Sw==}
    engines: {node: '>=18'}
    cpu: [arm64]
    os: [freebsd]

  '@esbuild/freebsd-x64@0.25.5':
    resolution: {integrity: sha512-PrikaNjiXdR2laW6OIjlbeuCPrPaAl0IwPIaRv+SMV8CiM8i2LqVUHFC1+8eORgWyY7yhQY+2U2fA55mBzReaw==}
    engines: {node: '>=18'}
    cpu: [x64]
    os: [freebsd]

  '@esbuild/linux-arm64@0.25.5':
    resolution: {integrity: sha512-Z9kfb1v6ZlGbWj8EJk9T6czVEjjq2ntSYLY2cw6pAZl4oKtfgQuS4HOq41M/BcoLPzrUbNd+R4BXFyH//nHxVg==}
    engines: {node: '>=18'}
    cpu: [arm64]
    os: [linux]

  '@esbuild/linux-arm@0.25.5':
    resolution: {integrity: sha512-cPzojwW2okgh7ZlRpcBEtsX7WBuqbLrNXqLU89GxWbNt6uIg78ET82qifUy3W6OVww6ZWobWub5oqZOVtwolfw==}
    engines: {node: '>=18'}
    cpu: [arm]
    os: [linux]

  '@esbuild/linux-ia32@0.25.5':
    resolution: {integrity: sha512-sQ7l00M8bSv36GLV95BVAdhJ2QsIbCuCjh/uYrWiMQSUuV+LpXwIqhgJDcvMTj+VsQmqAHL2yYaasENvJ7CDKA==}
    engines: {node: '>=18'}
    cpu: [ia32]
    os: [linux]

  '@esbuild/linux-loong64@0.25.5':
    resolution: {integrity: sha512-0ur7ae16hDUC4OL5iEnDb0tZHDxYmuQyhKhsPBV8f99f6Z9KQM02g33f93rNH5A30agMS46u2HP6qTdEt6Q1kg==}
    engines: {node: '>=18'}
    cpu: [loong64]
    os: [linux]

  '@esbuild/linux-mips64el@0.25.5':
    resolution: {integrity: sha512-kB/66P1OsHO5zLz0i6X0RxlQ+3cu0mkxS3TKFvkb5lin6uwZ/ttOkP3Z8lfR9mJOBk14ZwZ9182SIIWFGNmqmg==}
    engines: {node: '>=18'}
    cpu: [mips64el]
    os: [linux]

  '@esbuild/linux-ppc64@0.25.5':
    resolution: {integrity: sha512-UZCmJ7r9X2fe2D6jBmkLBMQetXPXIsZjQJCjgwpVDz+YMcS6oFR27alkgGv3Oqkv07bxdvw7fyB71/olceJhkQ==}
    engines: {node: '>=18'}
    cpu: [ppc64]
    os: [linux]

  '@esbuild/linux-riscv64@0.25.5':
    resolution: {integrity: sha512-kTxwu4mLyeOlsVIFPfQo+fQJAV9mh24xL+y+Bm6ej067sYANjyEw1dNHmvoqxJUCMnkBdKpvOn0Ahql6+4VyeA==}
    engines: {node: '>=18'}
    cpu: [riscv64]
    os: [linux]

  '@esbuild/linux-s390x@0.25.5':
    resolution: {integrity: sha512-K2dSKTKfmdh78uJ3NcWFiqyRrimfdinS5ErLSn3vluHNeHVnBAFWC8a4X5N+7FgVE1EjXS1QDZbpqZBjfrqMTQ==}
    engines: {node: '>=18'}
    cpu: [s390x]
    os: [linux]

  '@esbuild/linux-x64@0.25.5':
    resolution: {integrity: sha512-uhj8N2obKTE6pSZ+aMUbqq+1nXxNjZIIjCjGLfsWvVpy7gKCOL6rsY1MhRh9zLtUtAI7vpgLMK6DxjO8Qm9lJw==}
    engines: {node: '>=18'}
    cpu: [x64]
    os: [linux]

  '@esbuild/netbsd-arm64@0.25.5':
    resolution: {integrity: sha512-pwHtMP9viAy1oHPvgxtOv+OkduK5ugofNTVDilIzBLpoWAM16r7b/mxBvfpuQDpRQFMfuVr5aLcn4yveGvBZvw==}
    engines: {node: '>=18'}
    cpu: [arm64]
    os: [netbsd]

  '@esbuild/netbsd-x64@0.25.5':
    resolution: {integrity: sha512-WOb5fKrvVTRMfWFNCroYWWklbnXH0Q5rZppjq0vQIdlsQKuw6mdSihwSo4RV/YdQ5UCKKvBy7/0ZZYLBZKIbwQ==}
    engines: {node: '>=18'}
    cpu: [x64]
    os: [netbsd]

  '@esbuild/openbsd-arm64@0.25.5':
    resolution: {integrity: sha512-7A208+uQKgTxHd0G0uqZO8UjK2R0DDb4fDmERtARjSHWxqMTye4Erz4zZafx7Di9Cv+lNHYuncAkiGFySoD+Mw==}
    engines: {node: '>=18'}
    cpu: [arm64]
    os: [openbsd]

  '@esbuild/openbsd-x64@0.25.5':
    resolution: {integrity: sha512-G4hE405ErTWraiZ8UiSoesH8DaCsMm0Cay4fsFWOOUcz8b8rC6uCvnagr+gnioEjWn0wC+o1/TAHt+It+MpIMg==}
    engines: {node: '>=18'}
    cpu: [x64]
    os: [openbsd]

  '@esbuild/sunos-x64@0.25.5':
    resolution: {integrity: sha512-l+azKShMy7FxzY0Rj4RCt5VD/q8mG/e+mDivgspo+yL8zW7qEwctQ6YqKX34DTEleFAvCIUviCFX1SDZRSyMQA==}
    engines: {node: '>=18'}
    cpu: [x64]
    os: [sunos]

  '@esbuild/win32-arm64@0.25.5':
    resolution: {integrity: sha512-O2S7SNZzdcFG7eFKgvwUEZ2VG9D/sn/eIiz8XRZ1Q/DO5a3s76Xv0mdBzVM5j5R639lXQmPmSo0iRpHqUUrsxw==}
    engines: {node: '>=18'}
    cpu: [arm64]
    os: [win32]

  '@esbuild/win32-ia32@0.25.5':
    resolution: {integrity: sha512-onOJ02pqs9h1iMJ1PQphR+VZv8qBMQ77Klcsqv9CNW2w6yLqoURLcgERAIurY6QE63bbLuqgP9ATqajFLK5AMQ==}
    engines: {node: '>=18'}
    cpu: [ia32]
    os: [win32]

  '@esbuild/win32-x64@0.25.5':
    resolution: {integrity: sha512-TXv6YnJ8ZMVdX+SXWVBo/0p8LTcrUYngpWjvm91TMjjBQii7Oz11Lw5lbDV5Y0TzuhSJHwiH4hEtC1I42mMS0g==}
    engines: {node: '>=18'}
    cpu: [x64]
    os: [win32]

  '@types/node@24.0.10':
    resolution: {integrity: sha512-ENHwaH+JIRTDIEEbDK6QSQntAYGtbvdDXnMXnZaZ6k13Du1dPMmprkEHIL7ok2Wl2aZevetwTAb5S+7yIF+enA==}

  '@types/websocket@1.0.10':
    resolution: {integrity: sha512-svjGZvPB7EzuYS94cI7a+qhwgGU1y89wUgjT6E2wVUfmAGIvRfT7obBvRtnhXCSsoMdlG4gBFGE7MfkIXZLoww==}

  bufferutil@4.0.9:
    resolution: {integrity: sha512-WDtdLmJvAuNNPzByAYpRo2rF1Mmradw6gvWsQKf63476DDXmomT9zUiGypLcG4ibIM67vhAj8jJRdbmEws2Aqw==}
    engines: {node: '>=6.14.2'}

  chokidar@4.0.3:
    resolution: {integrity: sha512-Qgzu8kfBvo+cA4962jnP1KkS6Dop5NS6g7R5LFYJr4b8Ub94PPQXUksCw9PvXoeXPRRddRNC5C1JQUR2SMGtnA==}
    engines: {node: '>= 14.16.0'}

  d@1.0.2:
    resolution: {integrity: sha512-MOqHvMWF9/9MX6nza0KgvFH4HpMU0EF5uUDXqX/BtxtU8NfB0QzRtJ8Oe/6SuS4kbhyzVJwjd97EA4PKrzJ8bw==}
    engines: {node: '>=0.12'}

  debug@2.6.9:
    resolution: {integrity: sha512-bC7ElrdJaJnPbAP+1EotYvqZsb3ecl5wi6Bfi6BJTUcNowp6cvspg0jXznRTKDjm/E7AdgFBVeAPVMNcKGsHMA==}
    peerDependencies:
      supports-color: '*'
    peerDependenciesMeta:
      supports-color:
        optional: true

  es5-ext@0.10.64:
    resolution: {integrity: sha512-p2snDhiLaXe6dahss1LddxqEm+SkuDvV8dnIQG0MWjyHpcMNfXKPE+/Cc0y+PhxJX3A4xGNeFCj5oc0BUh6deg==}
    engines: {node: '>=0.10'}

  es6-iterator@2.0.3:
    resolution: {integrity: sha512-zw4SRzoUkd+cl+ZoE15A9o1oQd920Bb0iOJMQkQhl3jNc03YqVjAhG7scf9C5KWRU/R13Orf588uCC6525o02g==}

  es6-symbol@3.1.4:
    resolution: {integrity: sha512-U9bFFjX8tFiATgtkJ1zg25+KviIXpgRvRHS8sau3GfhVzThRQrOeksPeT0BWW2MNZs1OEWJ1DPXOQMn0KKRkvg==}
    engines: {node: '>=0.12'}

  esbuild@0.25.5:
    resolution: {integrity: sha512-P8OtKZRv/5J5hhz0cUAdu/cLuPIKXpQl1R9pZtvmHWQvrAUVd0UNIPT4IB4W3rNOqVO0rlqHmCIbSwxh/c9yUQ==}
    engines: {node: '>=18'}
    hasBin: true

  esniff@2.0.1:
    resolution: {integrity: sha512-kTUIGKQ/mDPFoJ0oVfcmyJn4iBDRptjNVIzwIFR7tqWXdVI9xfA2RMwY/gbSpJG3lkdWNEjLap/NqVHZiJsdfg==}
    engines: {node: '>=0.10'}

  event-emitter@0.3.5:
    resolution: {integrity: sha512-D9rRn9y7kLPnJ+hMq7S/nhvoKwwvVJahBi2BPmx3bvbsEdK3W9ii8cBSGjP+72/LnM4n6fo3+dkCX5FeTQruXA==}

  ext@1.7.0:
    resolution: {integrity: sha512-6hxeJYaL110a9b5TEJSj0gojyHQAmA2ch5Os+ySCiA1QGdS697XWY1pzsrSjqA9LDEEgdB/KypIlR59RcLuHYw==}

  is-typedarray@1.0.0:
    resolution: {integrity: sha512-cyA56iCMHAh5CdzjJIa4aohJyeO1YbwLi3Jc35MmRU6poroFjIGZzUzupGiRPOjgHg9TLu43xbpwXk523fMxKA==}

  ms@2.0.0:
    resolution: {integrity: sha512-Tpp60P6IUJDTuOq/5Z8cdskzJujfwqfOTkrwIwj7IRISpnkJnT6SyJ4PCPnGMoFjC9ddhal5KVIYtAt97ix05A==}

  next-tick@1.1.0:
    resolution: {integrity: sha512-CXdUiJembsNjuToQvxayPZF9Vqht7hewsvy2sOWafLvi2awflj9mOC6bHIg50orX8IJvWKY9wYQ/zB2kogPslQ==}

  node-gyp-build@4.8.4:
    resolution: {integrity: sha512-LA4ZjwlnUblHVgq0oBF3Jl/6h/Nvs5fzBLwdEF4nuxnFdsfajde4WfxtJr3CaiH+F6ewcIB/q4jQ4UzPyid+CQ==}
    hasBin: true

  readdirp@4.1.2:
    resolution: {integrity: sha512-GDhwkLfywWL2s6vEjyhri+eXmfH6j1L7JE27WhqLeYzoh/A3DBaYGEj2H/HFZCn/kMfim73FXxEJTw06WtxQwg==}
    engines: {node: '>= 14.18.0'}

  type@2.7.3:
    resolution: {integrity: sha512-8j+1QmAbPvLZow5Qpi6NCaN8FB60p/6x8/vfNqOk/hC+HuvFZhL4+WfekuhQLiqFZXOgQdrs3B+XxEmCc6b3FQ==}

  typedarray-to-buffer@3.1.5:
    resolution: {integrity: sha512-zdu8XMNEDepKKR+XYOXAVPtWui0ly0NtohUscw+UmaHiAWT8hrV1rr//H6V+0DvJ3OQ19S979M0laLfX8rm82Q==}

  typescript@5.8.3:
    resolution: {integrity: sha512-p1diW6TqL9L07nNxvRMM7hMMw4c5XOo/1ibL4aAIGmSAt9slTE1Xgw5KWuof2uTOvCg9BY7ZRi+GaF+7sfgPeQ==}
    engines: {node: '>=14.17'}
    hasBin: true

  undici-types@7.8.0:
    resolution: {integrity: sha512-9UJ2xGDvQ43tYyVMpuHlsgApydB8ZKfVYTsLDhXkFL/6gfkp+U8xTGdh8pMJv1SpZna0zxG1DwsKZsreLbXBxw==}

  utf-8-validate@5.0.10:
    resolution: {integrity: sha512-Z6czzLq4u8fPOyx7TU6X3dvUZVvoJmxSQ+IcrlmagKhilxlhZgxPK6C5Jqbkw1IDUmFTM+cz9QDnnLTwDz/2gQ==}
    engines: {node: '>=6.14.2'}

  websocket@1.0.35:
    resolution: {integrity: sha512-/REy6amwPZl44DDzvRCkaI1q1bIiQB0mEFQLUrhz3z2EK91cp3n72rAjUlrTP0zV22HJIUOVHQGPxhFRjxjt+Q==}
    engines: {node: '>=4.0.0'}

  yaeti@0.0.6:
    resolution: {integrity: sha512-MvQa//+KcZCUkBTIC9blM+CU9J2GzuTytsOUwf2lidtvkx/6gnEp1QvJv34t9vdjhFmha/mUiNDbN0D0mJWdug==}
    engines: {node: '>=0.10.32'}
    deprecated: Package no longer supported. Contact Support at https://www.npmjs.com/support for more info.

snapshots:

  '@esbuild/aix-ppc64@0.25.5':
    optional: true

  '@esbuild/android-arm64@0.25.5':
    optional: true

  '@esbuild/android-arm@0.25.5':
    optional: true

  '@esbuild/android-x64@0.25.5':
    optional: true

  '@esbuild/darwin-arm64@0.25.5':
    optional: true

  '@esbuild/darwin-x64@0.25.5':
    optional: true

  '@esbuild/freebsd-arm64@0.25.5':
    optional: true

  '@esbuild/freebsd-x64@0.25.5':
    optional: true

  '@esbuild/linux-arm64@0.25.5':
    optional: true

  '@esbuild/linux-arm@0.25.5':
    optional: true

  '@esbuild/linux-ia32@0.25.5':
    optional: true

  '@esbuild/linux-loong64@0.25.5':
    optional: true

  '@esbuild/linux-mips64el@0.25.5':
    optional: true

  '@esbuild/linux-ppc64@0.25.5':
    optional: true

  '@esbuild/linux-riscv64@0.25.5':
    optional: true

  '@esbuild/linux-s390x@0.25.5':
    optional: true

  '@esbuild/linux-x64@0.25.5':
    optional: true

  '@esbuild/netbsd-arm64@0.25.5':
    optional: true

  '@esbuild/netbsd-x64@0.25.5':
    optional: true

  '@esbuild/openbsd-arm64@0.25.5':
    optional: true

  '@esbuild/openbsd-x64@0.25.5':
    optional: true

  '@esbuild/sunos-x64@0.25.5':
    optional: true

  '@esbuild/win32-arm64@0.25.5':
    optional: true

  '@esbuild/win32-ia32@0.25.5':
    optional: true

  '@esbuild/win32-x64@0.25.5':
    optional: true

  '@types/node@24.0.10':
    dependencies:
      undici-types: 7.8.0

  '@types/websocket@1.0.10':
    dependencies:
      '@types/node': 24.0.10

  bufferutil@4.0.9:
    dependencies:
      node-gyp-build: 4.8.4

  chokidar@4.0.3:
    dependencies:
      readdirp: 4.1.2

  d@1.0.2:
    dependencies:
      es5-ext: 0.10.64
      type: 2.7.3

  debug@2.6.9:
    dependencies:
      ms: 2.0.0

  es5-ext@0.10.64:
    dependencies:
      es6-iterator: 2.0.3
      es6-symbol: 3.1.4
      esniff: 2.0.1
      next-tick: 1.1.0

  es6-iterator@2.0.3:
    dependencies:
      d: 1.0.2
      es5-ext: 0.10.64
      es6-symbol: 3.1.4

  es6-symbol@3.1.4:
    dependencies:
      d: 1.0.2
      ext: 1.7.0

  esbuild@0.25.5:
    optionalDependencies:
      '@esbuild/aix-ppc64': 0.25.5
      '@esbuild/android-arm': 0.25.5
      '@esbuild/android-arm64': 0.25.5
      '@esbuild/android-x64': 0.25.5
      '@esbuild/darwin-arm64': 0.25.5
      '@esbuild/darwin-x64': 0.25.5
      '@esbuild/freebsd-arm64': 0.25.5
      '@esbuild/freebsd-x64': 0.25.5
      '@esbuild/linux-arm': 0.25.5
      '@esbuild/linux-arm64': 0.25.5
      '@esbuild/linux-ia32': 0.25.5
      '@esbuild/linux-loong64': 0.25.5
      '@esbuild/linux-mips64el': 0.25.5
      '@esbuild/linux-ppc64': 0.25.5
      '@esbuild/linux-riscv64': 0.25.5
      '@esbuild/linux-s390x': 0.25.5
      '@esbuild/linux-x64': 0.25.5
      '@esbuild/netbsd-arm64': 0.25.5
      '@esbuild/netbsd-x64': 0.25.5
      '@esbuild/openbsd-arm64': 0.25.5
      '@esbuild/openbsd-x64': 0.25.5
      '@esbuild/sunos-x64': 0.25.5
      '@esbuild/win32-arm64': 0.25.5
      '@esbuild/win32-ia32': 0.25.5
      '@esbuild/win32-x64': 0.25.5

  esniff@2.0.1:
    dependencies:
      d: 1.0.2
      es5-ext: 0.10.64
      event-emitter: 0.3.5
      type: 2.7.3

  event-emitter@0.3.5:
    dependencies:
      d: 1.0.2
      es5-ext: 0.10.64

  ext@1.7.0:
    dependencies:
      type: 2.7.3

  is-typedarray@1.0.0: {}

  ms@2.0.0: {}

  next-tick@1.1.0: {}

  node-gyp-build@4.8.4: {}

  readdirp@4.1.2: {}

  type@2.7.3: {}

  typedarray-to-buffer@3.1.5:
    dependencies:
      is-typedarray: 1.0.0

  typescript@5.8.3: {}

  undici-types@7.8.0: {}

  utf-8-validate@5.0.10:
    dependencies:
      node-gyp-build: 4.8.4

  websocket@1.0.35:
    dependencies:
      bufferutil: 4.0.9
      debug: 2.6.9
      es5-ext: 0.10.64
      typedarray-to-buffer: 3.1.5
      utf-8-validate: 5.0.10
      yaeti: 0.0.6
    transitivePeerDependencies:
      - supports-color

  yaeti@0.0.6: {}
